{
  "name": "ch-lab-order",
  "lockfileVersion": 2,
  "requires": true,
  "packages": {
    "": {
      "dependencies": {
        "ch.fhir.ig.ch-lab-order": "^1.0.0"
      }
    },
    "node_modules/ch.fhir.ig.ch-lab-order": {
      "version": "1.0.0",
      "resolved": "https://packages.simplifier.net/ch.fhir.ig.ch-lab-order/1.0.0",
      "integrity": "sha1-tgONDkCjsQTCxFxuJ0kUqbtcx7w="
    }
  },
  "dependencies": {
    "ch.fhir.ig.ch-lab-order": {
      "version": "1.0.0",
      "resolved": "https://packages.simplifier.net/ch.fhir.ig.ch-lab-order/1.0.0",
      "integrity": "sha1-tgONDkCjsQTCxFxuJ0kUqbtcx7w="
    }
  }
}
